
Microsoft Visual Studio Solution File, Format Version 12.00
# Visual Studio 15
Project("{FAE04EC0-301F-11D3-BF4B-00C04F79EFBC}") = "Assembly-CSharp", "Assembly-CSharp.csproj", "{F26142B7-A807-0127-EE6E-541413887EE3}"
EndProject
Project("{FAE04EC0-301F-11D3-BF4B-00C04F79EFBC}") = "Assembly-CSharp-Editor", "Assembly-CSharp-Editor.csproj", "{ACD99F1D-4BB9-61E5-0F67-2B5E329B6E92}"
EndProject
Global
	GlobalSection(SolutionConfigurationPlatforms) = preSolution
		Debug|Any CPU = Debug|Any CPU
		Release|Any CPU = Release|Any CPU
	EndGlobalSection
	GlobalSection(ProjectConfigurationPlatforms) = postSolution
		{F26142B7-A807-0127-EE6E-541413887EE3}.Debug|Any CPU.ActiveCfg = Debug|Any CPU
		{F26142B7-A807-0127-EE6E-541413887EE3}.Debug|Any CPU.Build.0 = Debug|Any CPU
		{F26142B7-A807-0127-EE6E-541413887EE3}.Release|Any CPU.ActiveCfg = Release|Any CPU
		{F26142B7-A807-0127-EE6E-541413887EE3}.Release|Any CPU.Build.0 = Release|Any CPU
		{ACD99F1D-4BB9-61E5-0F67-2B5E329B6E92}.Debug|Any CPU.ActiveCfg = Debug|Any CPU
		{ACD99F1D-4BB9-61E5-0F67-2B5E329B6E92}.Debug|Any CPU.Build.0 = Debug|Any CPU
		{ACD99F1D-4BB9-61E5-0F67-2B5E329B6E92}.Release|Any CPU.ActiveCfg = Release|Any CPU
		{ACD99F1D-4BB9-61E5-0F67-2B5E329B6E92}.Release|Any CPU.Build.0 = Release|Any CPU
	EndGlobalSection
	GlobalSection(SolutionProperties) = preSolution
		HideSolutionNode = FALSE
	EndGlobalSection
EndGlobal
